
Microsoft Visual Studio Solution File, Format Version 12.00
# Visual Studio Version 17
VisualStudioVersion = 17.7.34003.232
MinimumVisualStudioVersion = 10.0.40219.1
Project("{2150E333-8FDC-42A3-9474-1A3956D46DE8}") = "src", "src", "{560C34B3-5D68-4298-B36A-2FBD87CA3527}"
EndProject
Project("{9A19103F-16F7-4668-BE54-9A1E7A4F7556}") = "UnitTest.WebApi", "src\UnitTest.WebApi\UnitTest.WebApi.csproj", "{EF76EE85-3F1A-4741-BA15-2340AB73CB08}"
EndProject
Project("{9A19103F-16F7-4668-BE54-9A1E7A4F7556}") = "UnitTest.Service", "src\UnitTest.Service\UnitTest.Service.csproj", "{E452FC0A-A50C-4120-A841-4FA97FAB2362}"
EndProject
Project("{2150E333-8FDC-42A3-9474-1A3956D46DE8}") = "test", "test", "{CA318F20-4841-4596-B3B5-1F42BB40B2B6}"
EndProject
Project("{FAE04EC0-301F-11D3-BF4B-00C04F79EFBC}") = "UnitTest.UnitTest", "test\UnitTest.UnitTest\UnitTest.UnitTest.csproj", "{C733EA3D-7BD6-4987-A632-17CC54B6CAE0}"
EndProject
Global
	GlobalSection(SolutionConfigurationPlatforms) = preSolution
		Debug|Any CPU = Debug|Any CPU
		Release|Any CPU = Release|Any CPU
	EndGlobalSection
	GlobalSection(ProjectConfigurationPlatforms) = postSolution
		{EF76EE85-3F1A-4741-BA15-2340AB73CB08}.Debug|Any CPU.ActiveCfg = Debug|Any CPU
		{EF76EE85-3F1A-4741-BA15-2340AB73CB08}.Debug|Any CPU.Build.0 = Debug|Any CPU
		{EF76EE85-3F1A-4741-BA15-2340AB73CB08}.Release|Any CPU.ActiveCfg = Release|Any CPU
		{EF76EE85-3F1A-4741-BA15-2340AB73CB08}.Release|Any CPU.Build.0 = Release|Any CPU
		{E452FC0A-A50C-4120-A841-4FA97FAB2362}.Debug|Any CPU.ActiveCfg = Debug|Any CPU
		{E452FC0A-A50C-4120-A841-4FA97FAB2362}.Debug|Any CPU.Build.0 = Debug|Any CPU
		{E452FC0A-A50C-4120-A841-4FA97FAB2362}.Release|Any CPU.ActiveCfg = Release|Any CPU
		{E452FC0A-A50C-4120-A841-4FA97FAB2362}.Release|Any CPU.Build.0 = Release|Any CPU
		{C733EA3D-7BD6-4987-A632-17CC54B6CAE0}.Debug|Any CPU.ActiveCfg = Debug|Any CPU
		{C733EA3D-7BD6-4987-A632-17CC54B6CAE0}.Debug|Any CPU.Build.0 = Debug|Any CPU
		{C733EA3D-7BD6-4987-A632-17CC54B6CAE0}.Release|Any CPU.ActiveCfg = Release|Any CPU
		{C733EA3D-7BD6-4987-A632-17CC54B6CAE0}.Release|Any CPU.Build.0 = Release|Any CPU
	EndGlobalSection
	GlobalSection(SolutionProperties) = preSolution
		HideSolutionNode = FALSE
	EndGlobalSection
	GlobalSection(NestedProjects) = preSolution
		{EF76EE85-3F1A-4741-BA15-2340AB73CB08} = {560C34B3-5D68-4298-B36A-2FBD87CA3527}
		{E452FC0A-A50C-4120-A841-4FA97FAB2362} = {560C34B3-5D68-4298-B36A-2FBD87CA3527}
		{C733EA3D-7BD6-4987-A632-17CC54B6CAE0} = {CA318F20-4841-4596-B3B5-1F42BB40B2B6}
	EndGlobalSection
	GlobalSection(ExtensibilityGlobals) = postSolution
		SolutionGuid = {775F7386-2718-4B47-9EBD-9838F52F911A}
	EndGlobalSection
EndGlobal
